
Microsoft Visual Studio Solution File, Format Version 12.00
# Visual Studio Version 16
VisualStudioVersion = 16.0.30717.126
MinimumVisualStudioVersion = 10.0.40219.1
Project("{FAE04EC0-301F-11D3-BF4B-00C04F79EFBC}") = "ClientProxyForm-P5-110", "ClientProxyForm-P5-110\ClientProxyForm-P5-110.csproj", "{2ABCF44C-946D-4274-B051-00613079D64D}"
EndProject
Global
	GlobalSection(SolutionConfigurationPlatforms) = preSolution
		Debug|Any CPU = Debug|Any CPU
		Release|Any CPU = Release|Any CPU
	EndGlobalSection
	GlobalSection(ProjectConfigurationPlatforms) = postSolution
		{2ABCF44C-946D-4274-B051-00613079D64D}.Debug|Any CPU.ActiveCfg = Debug|Any CPU
		{2ABCF44C-946D-4274-B051-00613079D64D}.Debug|Any CPU.Build.0 = Debug|Any CPU
		{2ABCF44C-946D-4274-B051-00613079D64D}.Release|Any CPU.ActiveCfg = Release|Any CPU
		{2ABCF44C-946D-4274-B051-00613079D64D}.Release|Any CPU.Build.0 = Release|Any CPU
	EndGlobalSection
	GlobalSection(SolutionProperties) = preSolution
		HideSolutionNode = FALSE
	EndGlobalSection
	GlobalSection(ExtensibilityGlobals) = postSolution
		SolutionGuid = {83898C8D-FC5D-4799-AD2F-00722C2E7878}
	EndGlobalSection
EndGlobal
